
Microsoft Visual Studio Solution File, Format Version 12.00
Project("{FAE04EC0-301F-11D3-BF4B-00C04F79EFBC}") = "DropsAreAlwaysBiocoded", "DropsAreAlwaysBiocoded.csproj", "{DFCF6AA9-94B5-4665-AEEF-BD355B04AEDE}"
EndProject
Global
	GlobalSection(SolutionConfigurationPlatforms) = preSolution
		Debug|Any CPU = Debug|Any CPU
		Release|Any CPU = Release|Any CPU
	EndGlobalSection
	GlobalSection(ProjectConfigurationPlatforms) = postSolution
		{DFCF6AA9-94B5-4665-AEEF-BD355B04AEDE}.Debug|Any CPU.ActiveCfg = Debug|Any CPU
		{DFCF6AA9-94B5-4665-AEEF-BD355B04AEDE}.Debug|Any CPU.Build.0 = Debug|Any CPU
		{DFCF6AA9-94B5-4665-AEEF-BD355B04AEDE}.Release|Any CPU.ActiveCfg = Release|Any CPU
		{DFCF6AA9-94B5-4665-AEEF-BD355B04AEDE}.Release|Any CPU.Build.0 = Release|Any CPU
	EndGlobalSection
EndGlobal
